# This file is machine-generated by `gh actions-lock`.
# Do not edit by hand; run `gh actions-lock` to update.
# Docs: https://gh.io/actions-lockfile
version: 'v0.0.2'
workflows:
    '.github/workflows/label-triage.yml': []
    '.github/workflows/labels.yml': []
    '.github/workflows/push-email-notify.yml':
        - 'hyperpolymath/smtp-notify-action@v0.1.0'
    '.github/workflows/secret-scanner.yml': []
dependencies:
    'hyperpolymath/smtp-notify-action@v0.1.0':
        ref: 'v0.1.0'
        commit: 'sha1-1b3b752d39a4fe4c0f28f10905e4608789d3e050'
        owner_id: 6759885
        repo_id: 1352485172
